
Microsoft Visual Studio Solution File, Format Version 12.00
# Visual Studio Version 17
VisualStudioVersion = 17.0.31903.59
MinimumVisualStudioVersion = 10.0.40219.1
Project("{FAE04EC0-301F-11D3-BF4B-00C04F79EFBC}") = "QuizApp.WinForms", "QuizApp.WinForms\QuizApp.WinForms.csproj", "{0023E1CE-1C08-4E39-A398-FC5B8F88C90B}"
EndProject
Project("{FAE04EC0-301F-11D3-BF4B-00C04F79EFBC}") = "QuizApp.WinForms.Tests", "QuizApp.WinForms.Tests\QuizApp.WinForms.Tests.csproj", "{EE7C9880-15B1-4236-9909-62169B397399}"
EndProject
Global
	GlobalSection(SolutionConfigurationPlatforms) = preSolution
		Debug|Any CPU = Debug|Any CPU
		Release|Any CPU = Release|Any CPU
	EndGlobalSection
	GlobalSection(SolutionProperties) = preSolution
		HideSolutionNode = FALSE
	EndGlobalSection
	GlobalSection(ProjectConfigurationPlatforms) = postSolution
		{0023E1CE-1C08-4E39-A398-FC5B8F88C90B}.Debug|Any CPU.ActiveCfg = Debug|Any CPU
		{0023E1CE-1C08-4E39-A398-FC5B8F88C90B}.Debug|Any CPU.Build.0 = Debug|Any CPU
		{0023E1CE-1C08-4E39-A398-FC5B8F88C90B}.Release|Any CPU.ActiveCfg = Release|Any CPU
		{0023E1CE-1C08-4E39-A398-FC5B8F88C90B}.Release|Any CPU.Build.0 = Release|Any CPU
		{EE7C9880-15B1-4236-9909-62169B397399}.Debug|Any CPU.ActiveCfg = Debug|Any CPU
		{EE7C9880-15B1-4236-9909-62169B397399}.Debug|Any CPU.Build.0 = Debug|Any CPU
		{EE7C9880-15B1-4236-9909-62169B397399}.Release|Any CPU.ActiveCfg = Release|Any CPU
		{EE7C9880-15B1-4236-9909-62169B397399}.Release|Any CPU.Build.0 = Release|Any CPU
	EndGlobalSection
EndGlobal
